# THIS IS AN AUTOGENERATED FILE. DO NOT EDIT THIS FILE DIRECTLY.
# yarn lockfile v1


prisma2@^2.0.0-alpha.206:
  version "2.0.0-alpha.206"
  resolved "https://registry.yarnpkg.com/prisma2/-/prisma2-2.0.0-alpha.206.tgz#1b7a819f606c03469b80df33e4c01554abcdc8bb"
  integrity sha512-fN8g0KOG8IjN+lDN9wgoW+Oh5qSxwii8otSBoM5LvMaPYVqotwcAd9mG9K6qdT1QneecVL/Pgf03+U1G4x+gDQ==
